{
  "name": "texttovideostripcontroller",
  "version": "0.2.0",
  "lockfileVersion": 1,
  "requires": true,
  "dependencies": {
    "@types/node": {
      "version": "11.15.7",
      "resolved": "https://registry.npmjs.org/@types/node/-/node-11.15.7.tgz",
      "integrity": "sha512-3c3Kc7VIdE5UpqpmztRy7FU+turZgIurGnwpGFy/fRFOirfPc7ZnoFL83qVoqEDENJENqDhtGyQZ5fkXNQ6Qkw==",
      "dev": true
    },
    "typescript": {
      "version": "3.7.5",
      "resolved": "https://registry.npmjs.org/typescript/-/typescript-3.7.5.tgz",
      "integrity": "sha512-/P5lkRXkWHNAbcJIiHPfRoKqyd7bsyCma1hZNUGfn20qm64T6ZBlrzprymeu918H+mB/0rIg2gGK/BXkhhYgBw=="
    }
  }
}
